
Microsoft Visual Studio Solution File, Format Version 12.00
# Visual Studio 2013
VisualStudioVersion = 12.0.31101.0
MinimumVisualStudioVersion = 10.0.40219.1
Project("{FAE04EC0-301F-11D3-BF4B-00C04F79EFBC}") = "MP3-SQL-Lib", "MP3-SQL-Lib\MP3-SQL-Lib.csproj", "{84E5B35B-12E9-44CC-9A5C-1FB4C1B47E4B}"
EndProject
Project("{FAE04EC0-301F-11D3-BF4B-00C04F79EFBC}") = "MP3-SQL-Lib.helper", "MP3-SQL-Lib.helper\MP3-SQL-Lib.helper.csproj", "{16146E26-BEA4-4CB5-9460-2F55F379945C}"
EndProject
Project("{FAE04EC0-301F-11D3-BF4B-00C04F79EFBC}") = "MP3-SQL-Lib.model", "MP3-SQL-Lib.model\MP3-SQL-Lib.model.csproj", "{4AA9C53A-50D2-4D50-B72D-A76B65F2F0DB}"
EndProject
Project("{FAE04EC0-301F-11D3-BF4B-00C04F79EFBC}") = "lastfm-sharp", "lastfm-sharp\lastfm-sharp.csproj", "{28CF4201-759A-4222-A4A1-A170D9510203}"
EndProject
Project("{FAE04EC0-301F-11D3-BF4B-00C04F79EFBC}") = "lastfm-sharp-test", "lastfm-sharp-test\lastfm-sharp-test.csproj", "{B9444C96-5D20-41A0-9A5E-3F68AE6948EA}"
EndProject
Project("{FAE04EC0-301F-11D3-BF4B-00C04F79EFBC}") = "gracenotetest", "gracenotetest\gracenotetest.csproj", "{0FFAB900-A6E2-4687-8329-5BDAC3A38A33}"
EndProject
Global
	GlobalSection(SolutionConfigurationPlatforms) = preSolution
		Debug|Any CPU = Debug|Any CPU
		Debug|ARM = Debug|ARM
		Debug|Mixed Platforms = Debug|Mixed Platforms
		Debug|Win32 = Debug|Win32
		Debug|x64 = Debug|x64
		Debug|x86 = Debug|x86
		Release|Any CPU = Release|Any CPU
		Release|ARM = Release|ARM
		Release|Mixed Platforms = Release|Mixed Platforms
		Release|Win32 = Release|Win32
		Release|x64 = Release|x64
		Release|x86 = Release|x86
	EndGlobalSection
	GlobalSection(ProjectConfigurationPlatforms) = postSolution
		{84E5B35B-12E9-44CC-9A5C-1FB4C1B47E4B}.Debug|Any CPU.ActiveCfg = Debug|Any CPU
		{84E5B35B-12E9-44CC-9A5C-1FB4C1B47E4B}.Debug|Any CPU.Build.0 = Debug|Any CPU
		{84E5B35B-12E9-44CC-9A5C-1FB4C1B47E4B}.Debug|ARM.ActiveCfg = Debug|Any CPU
		{84E5B35B-12E9-44CC-9A5C-1FB4C1B47E4B}.Debug|Mixed Platforms.ActiveCfg = Debug|Any CPU
		{84E5B35B-12E9-44CC-9A5C-1FB4C1B47E4B}.Debug|Mixed Platforms.Build.0 = Debug|Any CPU
		{84E5B35B-12E9-44CC-9A5C-1FB4C1B47E4B}.Debug|Win32.ActiveCfg = Debug|Any CPU
		{84E5B35B-12E9-44CC-9A5C-1FB4C1B47E4B}.Debug|x64.ActiveCfg = Debug|Any CPU
		{84E5B35B-12E9-44CC-9A5C-1FB4C1B47E4B}.Debug|x86.ActiveCfg = Debug|Any CPU
		{84E5B35B-12E9-44CC-9A5C-1FB4C1B47E4B}.Release|Any CPU.ActiveCfg = Release|Any CPU
		{84E5B35B-12E9-44CC-9A5C-1FB4C1B47E4B}.Release|Any CPU.Build.0 = Release|Any CPU
		{84E5B35B-12E9-44CC-9A5C-1FB4C1B47E4B}.Release|ARM.ActiveCfg = Release|Any CPU
		{84E5B35B-12E9-44CC-9A5C-1FB4C1B47E4B}.Release|Mixed Platforms.ActiveCfg = Release|Any CPU
		{84E5B35B-12E9-44CC-9A5C-1FB4C1B47E4B}.Release|Mixed Platforms.Build.0 = Release|Any CPU
		{84E5B35B-12E9-44CC-9A5C-1FB4C1B47E4B}.Release|Win32.ActiveCfg = Release|Any CPU
		{84E5B35B-12E9-44CC-9A5C-1FB4C1B47E4B}.Release|x64.ActiveCfg = Release|Any CPU
		{84E5B35B-12E9-44CC-9A5C-1FB4C1B47E4B}.Release|x86.ActiveCfg = Release|Any CPU
		{16146E26-BEA4-4CB5-9460-2F55F379945C}.Debug|Any CPU.ActiveCfg = Debug|Any CPU
		{16146E26-BEA4-4CB5-9460-2F55F379945C}.Debug|Any CPU.Build.0 = Debug|Any CPU
		{16146E26-BEA4-4CB5-9460-2F55F379945C}.Debug|ARM.ActiveCfg = Debug|Any CPU
		{16146E26-BEA4-4CB5-9460-2F55F379945C}.Debug|Mixed Platforms.ActiveCfg = Debug|Any CPU
		{16146E26-BEA4-4CB5-9460-2F55F379945C}.Debug|Mixed Platforms.Build.0 = Debug|Any CPU
		{16146E26-BEA4-4CB5-9460-2F55F379945C}.Debug|Win32.ActiveCfg = Debug|Any CPU
		{16146E26-BEA4-4CB5-9460-2F55F379945C}.Debug|x64.ActiveCfg = Debug|Any CPU
		{16146E26-BEA4-4CB5-9460-2F55F379945C}.Debug|x86.ActiveCfg = Debug|Any CPU
		{16146E26-BEA4-4CB5-9460-2F55F379945C}.Release|Any CPU.ActiveCfg = Release|Any CPU
		{16146E26-BEA4-4CB5-9460-2F55F379945C}.Release|Any CPU.Build.0 = Release|Any CPU
		{16146E26-BEA4-4CB5-9460-2F55F379945C}.Release|ARM.ActiveCfg = Release|Any CPU
		{16146E26-BEA4-4CB5-9460-2F55F379945C}.Release|Mixed Platforms.ActiveCfg = Release|Any CPU
		{16146E26-BEA4-4CB5-9460-2F55F379945C}.Release|Mixed Platforms.Build.0 = Release|Any CPU
		{16146E26-BEA4-4CB5-9460-2F55F379945C}.Release|Win32.ActiveCfg = Release|Any CPU
		{16146E26-BEA4-4CB5-9460-2F55F379945C}.Release|x64.ActiveCfg = Release|Any CPU
		{16146E26-BEA4-4CB5-9460-2F55F379945C}.Release|x86.ActiveCfg = Release|Any CPU
		{4AA9C53A-50D2-4D50-B72D-A76B65F2F0DB}.Debug|Any CPU.ActiveCfg = Debug|Any CPU
		{4AA9C53A-50D2-4D50-B72D-A76B65F2F0DB}.Debug|Any CPU.Build.0 = Debug|Any CPU
		{4AA9C53A-50D2-4D50-B72D-A76B65F2F0DB}.Debug|ARM.ActiveCfg = Debug|Any CPU
		{4AA9C53A-50D2-4D50-B72D-A76B65F2F0DB}.Debug|Mixed Platforms.ActiveCfg = Debug|Any CPU
		{4AA9C53A-50D2-4D50-B72D-A76B65F2F0DB}.Debug|Mixed Platforms.Build.0 = Debug|Any CPU
		{4AA9C53A-50D2-4D50-B72D-A76B65F2F0DB}.Debug|Win32.ActiveCfg = Debug|Any CPU
		{4AA9C53A-50D2-4D50-B72D-A76B65F2F0DB}.Debug|x64.ActiveCfg = Debug|Any CPU
		{4AA9C53A-50D2-4D50-B72D-A76B65F2F0DB}.Debug|x86.ActiveCfg = Debug|Any CPU
		{4AA9C53A-50D2-4D50-B72D-A76B65F2F0DB}.Release|Any CPU.ActiveCfg = Release|Any CPU
		{4AA9C53A-50D2-4D50-B72D-A76B65F2F0DB}.Release|Any CPU.Build.0 = Release|Any CPU
		{4AA9C53A-50D2-4D50-B72D-A76B65F2F0DB}.Release|ARM.ActiveCfg = Release|Any CPU
		{4AA9C53A-50D2-4D50-B72D-A76B65F2F0DB}.Release|Mixed Platforms.ActiveCfg = Release|Any CPU
		{4AA9C53A-50D2-4D50-B72D-A76B65F2F0DB}.Release|Mixed Platforms.Build.0 = Release|Any CPU
		{4AA9C53A-50D2-4D50-B72D-A76B65F2F0DB}.Release|Win32.ActiveCfg = Release|Any CPU
		{4AA9C53A-50D2-4D50-B72D-A76B65F2F0DB}.Release|x64.ActiveCfg = Release|Any CPU
		{4AA9C53A-50D2-4D50-B72D-A76B65F2F0DB}.Release|x86.ActiveCfg = Release|Any CPU
		{28CF4201-759A-4222-A4A1-A170D9510203}.Debug|Any CPU.ActiveCfg = Debug|Any CPU
		{28CF4201-759A-4222-A4A1-A170D9510203}.Debug|Any CPU.Build.0 = Debug|Any CPU
		{28CF4201-759A-4222-A4A1-A170D9510203}.Debug|ARM.ActiveCfg = Debug|Any CPU
		{28CF4201-759A-4222-A4A1-A170D9510203}.Debug|Mixed Platforms.ActiveCfg = Debug|Any CPU
		{28CF4201-759A-4222-A4A1-A170D9510203}.Debug|Mixed Platforms.Build.0 = Debug|Any CPU
		{28CF4201-759A-4222-A4A1-A170D9510203}.Debug|Win32.ActiveCfg = Debug|Any CPU
		{28CF4201-759A-4222-A4A1-A170D9510203}.Debug|x64.ActiveCfg = Debug|Any CPU
		{28CF4201-759A-4222-A4A1-A170D9510203}.Debug|x86.ActiveCfg = Debug|Any CPU
		{28CF4201-759A-4222-A4A1-A170D9510203}.Release|Any CPU.ActiveCfg = Release|Any CPU
		{28CF4201-759A-4222-A4A1-A170D9510203}.Release|Any CPU.Build.0 = Release|Any CPU
		{28CF4201-759A-4222-A4A1-A170D9510203}.Release|ARM.ActiveCfg = Release|Any CPU
		{28CF4201-759A-4222-A4A1-A170D9510203}.Release|Mixed Platforms.ActiveCfg = Release|Any CPU
		{28CF4201-759A-4222-A4A1-A170D9510203}.Release|Mixed Platforms.Build.0 = Release|Any CPU
		{28CF4201-759A-4222-A4A1-A170D9510203}.Release|Win32.ActiveCfg = Release|Any CPU
		{28CF4201-759A-4222-A4A1-A170D9510203}.Release|x64.ActiveCfg = Release|Any CPU
		{28CF4201-759A-4222-A4A1-A170D9510203}.Release|x86.ActiveCfg = Release|Any CPU
		{B9444C96-5D20-41A0-9A5E-3F68AE6948EA}.Debug|Any CPU.ActiveCfg = Debug|Any CPU
		{B9444C96-5D20-41A0-9A5E-3F68AE6948EA}.Debug|Any CPU.Build.0 = Debug|Any CPU
		{B9444C96-5D20-41A0-9A5E-3F68AE6948EA}.Debug|ARM.ActiveCfg = Debug|Any CPU
		{B9444C96-5D20-41A0-9A5E-3F68AE6948EA}.Debug|Mixed Platforms.ActiveCfg = Debug|Any CPU
		{B9444C96-5D20-41A0-9A5E-3F68AE6948EA}.Debug|Mixed Platforms.Build.0 = Debug|Any CPU
		{B9444C96-5D20-41A0-9A5E-3F68AE6948EA}.Debug|Win32.ActiveCfg = Debug|Any CPU
		{B9444C96-5D20-41A0-9A5E-3F68AE6948EA}.Debug|x64.ActiveCfg = Debug|Any CPU
		{B9444C96-5D20-41A0-9A5E-3F68AE6948EA}.Debug|x86.ActiveCfg = Debug|Any CPU
		{B9444C96-5D20-41A0-9A5E-3F68AE6948EA}.Release|Any CPU.ActiveCfg = Release|Any CPU
		{B9444C96-5D20-41A0-9A5E-3F68AE6948EA}.Release|Any CPU.Build.0 = Release|Any CPU
		{B9444C96-5D20-41A0-9A5E-3F68AE6948EA}.Release|ARM.ActiveCfg = Release|Any CPU
		{B9444C96-5D20-41A0-9A5E-3F68AE6948EA}.Release|Mixed Platforms.ActiveCfg = Release|Any CPU
		{B9444C96-5D20-41A0-9A5E-3F68AE6948EA}.Release|Mixed Platforms.Build.0 = Release|Any CPU
		{B9444C96-5D20-41A0-9A5E-3F68AE6948EA}.Release|Win32.ActiveCfg = Release|Any CPU
		{B9444C96-5D20-41A0-9A5E-3F68AE6948EA}.Release|x64.ActiveCfg = Release|Any CPU
		{B9444C96-5D20-41A0-9A5E-3F68AE6948EA}.Release|x86.ActiveCfg = Release|Any CPU
		{0FFAB900-A6E2-4687-8329-5BDAC3A38A33}.Debug|Any CPU.ActiveCfg = Debug|Any CPU
		{0FFAB900-A6E2-4687-8329-5BDAC3A38A33}.Debug|Any CPU.Build.0 = Debug|Any CPU
		{0FFAB900-A6E2-4687-8329-5BDAC3A38A33}.Debug|ARM.ActiveCfg = Debug|Any CPU
		{0FFAB900-A6E2-4687-8329-5BDAC3A38A33}.Debug|Mixed Platforms.ActiveCfg = Debug|Any CPU
		{0FFAB900-A6E2-4687-8329-5BDAC3A38A33}.Debug|Mixed Platforms.Build.0 = Debug|Any CPU
		{0FFAB900-A6E2-4687-8329-5BDAC3A38A33}.Debug|Win32.ActiveCfg = Debug|Any CPU
		{0FFAB900-A6E2-4687-8329-5BDAC3A38A33}.Debug|x64.ActiveCfg = Debug|Any CPU
		{0FFAB900-A6E2-4687-8329-5BDAC3A38A33}.Debug|x86.ActiveCfg = Debug|Any CPU
		{0FFAB900-A6E2-4687-8329-5BDAC3A38A33}.Release|Any CPU.ActiveCfg = Release|Any CPU
		{0FFAB900-A6E2-4687-8329-5BDAC3A38A33}.Release|Any CPU.Build.0 = Release|Any CPU
		{0FFAB900-A6E2-4687-8329-5BDAC3A38A33}.Release|ARM.ActiveCfg = Release|Any CPU
		{0FFAB900-A6E2-4687-8329-5BDAC3A38A33}.Release|Mixed Platforms.ActiveCfg = Release|Any CPU
		{0FFAB900-A6E2-4687-8329-5BDAC3A38A33}.Release|Mixed Platforms.Build.0 = Release|Any CPU
		{0FFAB900-A6E2-4687-8329-5BDAC3A38A33}.Release|Win32.ActiveCfg = Release|Any CPU
		{0FFAB900-A6E2-4687-8329-5BDAC3A38A33}.Release|x64.ActiveCfg = Release|Any CPU
		{0FFAB900-A6E2-4687-8329-5BDAC3A38A33}.Release|x86.ActiveCfg = Release|Any CPU
	EndGlobalSection
	GlobalSection(SolutionProperties) = preSolution
		HideSolutionNode = FALSE
	EndGlobalSection
EndGlobal
